
Microsoft Visual Studio Solution File, Format Version 12.00
# Visual Studio Version 18
VisualStudioVersion = 18.1.11312.151 d18.0
MinimumVisualStudioVersion = 10.0.40219.1
Project("{FAE04EC0-301F-11D3-BF4B-00C04F79EFBC}") = "DiffusionNexus.UI", "DiffusionNexus.UI\DiffusionNexus.UI.csproj", "{19C60AE1-F065-40A4-913F-3F19BDA229FF}"
EndProject
Project("{FAE04EC0-301F-11D3-BF4B-00C04F79EFBC}") = "DiffusionNexus.Service", "DiffusionNexus.Service\DiffusionNexus.Service.csproj", "{378BAFD5-5663-48B0-A7EB-70E3031690B4}"
EndProject
Project("{FAE04EC0-301F-11D3-BF4B-00C04F79EFBC}") = "DiffusionNexus.Tests", "DiffusionNexus.Tests\DiffusionNexus.Tests.csproj", "{C2943CB0-6610-45ED-8B8E-EC93E4483C5C}"
EndProject
Project("{FAE04EC0-301F-11D3-BF4B-00C04F79EFBC}") = "DiffusionNexus.DataAccess", "DiffusionNexus.DataAccess\DiffusionNexus.DataAccess.csproj", "{A9DD2E27-0A87-45CB-B4AD-28E3A041B3CA}"
EndProject
Project("{FAE04EC0-301F-11D3-BF4B-00C04F79EFBC}") = "DiffusionNexus.DataAccess.Infrastructure", "DiffusionNexus.DataAccess.Infrastructure\DiffusionNexus.DataAccess.Infrastructure.csproj", "{0EE07152-0BC2-4A4D-B1E7-A6B8E5C16123}"
EndProject
Project("{FAE04EC0-301F-11D3-BF4B-00C04F79EFBC}") = "DiffusionNexus.UI-V2", "DiffusionNexus.UI-V2\DiffusionNexus.UI-V2.csproj", "{91DCA8E6-B86D-6FDD-012D-D941C5892ED6}"
EndProject
Global
	GlobalSection(SolutionConfigurationPlatforms) = preSolution
		Debug|Any CPU = Debug|Any CPU
		Debug|x64 = Debug|x64
		Debug|x86 = Debug|x86
		Release|Any CPU = Release|Any CPU
		Release|x64 = Release|x64
		Release|x86 = Release|x86
	EndGlobalSection
	GlobalSection(ProjectConfigurationPlatforms) = postSolution
		{19C60AE1-F065-40A4-913F-3F19BDA229FF}.Debug|Any CPU.ActiveCfg = Debug|Any CPU
		{19C60AE1-F065-40A4-913F-3F19BDA229FF}.Debug|Any CPU.Build.0 = Debug|Any CPU
		{19C60AE1-F065-40A4-913F-3F19BDA229FF}.Debug|x64.ActiveCfg = Debug|Any CPU
		{19C60AE1-F065-40A4-913F-3F19BDA229FF}.Debug|x64.Build.0 = Debug|Any CPU
		{19C60AE1-F065-40A4-913F-3F19BDA229FF}.Debug|x86.ActiveCfg = Debug|Any CPU
		{19C60AE1-F065-40A4-913F-3F19BDA229FF}.Debug|x86.Build.0 = Debug|Any CPU
		{19C60AE1-F065-40A4-913F-3F19BDA229FF}.Release|Any CPU.ActiveCfg = Release|Any CPU
		{19C60AE1-F065-40A4-913F-3F19BDA229FF}.Release|Any CPU.Build.0 = Release|Any CPU
		{19C60AE1-F065-40A4-913F-3F19BDA229FF}.Release|x64.ActiveCfg = Release|Any CPU
		{19C60AE1-F065-40A4-913F-3F19BDA229FF}.Release|x64.Build.0 = Release|Any CPU
		{19C60AE1-F065-40A4-913F-3F19BDA229FF}.Release|x86.ActiveCfg = Release|Any CPU
		{19C60AE1-F065-40A4-913F-3F19BDA229FF}.Release|x86.Build.0 = Release|Any CPU
		{378BAFD5-5663-48B0-A7EB-70E3031690B4}.Debug|Any CPU.ActiveCfg = Debug|Any CPU
		{378BAFD5-5663-48B0-A7EB-70E3031690B4}.Debug|Any CPU.Build.0 = Debug|Any CPU
		{378BAFD5-5663-48B0-A7EB-70E3031690B4}.Debug|x64.ActiveCfg = Debug|Any CPU
		{378BAFD5-5663-48B0-A7EB-70E3031690B4}.Debug|x64.Build.0 = Debug|Any CPU
		{378BAFD5-5663-48B0-A7EB-70E3031690B4}.Debug|x86.ActiveCfg = Debug|Any CPU
		{378BAFD5-5663-48B0-A7EB-70E3031690B4}.Debug|x86.Build.0 = Debug|Any CPU
		{378BAFD5-5663-48B0-A7EB-70E3031690B4}.Release|Any CPU.ActiveCfg = Release|Any CPU
		{378BAFD5-5663-48B0-A7EB-70E3031690B4}.Release|Any CPU.Build.0 = Release|Any CPU
		{378BAFD5-5663-48B0-A7EB-70E3031690B4}.Release|x64.ActiveCfg = Release|Any CPU
		{378BAFD5-5663-48B0-A7EB-70E3031690B4}.Release|x64.Build.0 = Release|Any CPU
		{378BAFD5-5663-48B0-A7EB-70E3031690B4}.Release|x86.ActiveCfg = Release|Any CPU
		{378BAFD5-5663-48B0-A7EB-70E3031690B4}.Release|x86.Build.0 = Release|Any CPU
		{C2943CB0-6610-45ED-8B8E-EC93E4483C5C}.Debug|Any CPU.ActiveCfg = Debug|Any CPU
		{C2943CB0-6610-45ED-8B8E-EC93E4483C5C}.Debug|Any CPU.Build.0 = Debug|Any CPU
		{C2943CB0-6610-45ED-8B8E-EC93E4483C5C}.Debug|x64.ActiveCfg = Debug|Any CPU
		{C2943CB0-6610-45ED-8B8E-EC93E4483C5C}.Debug|x64.Build.0 = Debug|Any CPU
		{C2943CB0-6610-45ED-8B8E-EC93E4483C5C}.Debug|x86.ActiveCfg = Debug|Any CPU
		{C2943CB0-6610-45ED-8B8E-EC93E4483C5C}.Debug|x86.Build.0 = Debug|Any CPU
		{C2943CB0-6610-45ED-8B8E-EC93E4483C5C}.Release|Any CPU.ActiveCfg = Release|Any CPU
		{C2943CB0-6610-45ED-8B8E-EC93E4483C5C}.Release|Any CPU.Build.0 = Release|Any CPU
		{C2943CB0-6610-45ED-8B8E-EC93E4483C5C}.Release|x64.ActiveCfg = Release|Any CPU
		{C2943CB0-6610-45ED-8B8E-EC93E4483C5C}.Release|x64.Build.0 = Release|Any CPU
		{C2943CB0-6610-45ED-8B8E-EC93E4483C5C}.Release|x86.ActiveCfg = Release|Any CPU
		{C2943CB0-6610-45ED-8B8E-EC93E4483C5C}.Release|x86.Build.0 = Release|Any CPU
		{A9DD2E27-0A87-45CB-B4AD-28E3A041B3CA}.Debug|Any CPU.ActiveCfg = Debug|Any CPU
		{A9DD2E27-0A87-45CB-B4AD-28E3A041B3CA}.Debug|Any CPU.Build.0 = Debug|Any CPU
		{A9DD2E27-0A87-45CB-B4AD-28E3A041B3CA}.Debug|x64.ActiveCfg = Debug|Any CPU
		{A9DD2E27-0A87-45CB-B4AD-28E3A041B3CA}.Debug|x64.Build.0 = Debug|Any CPU
		{A9DD2E27-0A87-45CB-B4AD-28E3A041B3CA}.Debug|x86.ActiveCfg = Debug|Any CPU
		{A9DD2E27-0A87-45CB-B4AD-28E3A041B3CA}.Debug|x86.Build.0 = Debug|Any CPU
		{A9DD2E27-0A87-45CB-B4AD-28E3A041B3CA}.Release|Any CPU.ActiveCfg = Release|Any CPU
		{A9DD2E27-0A87-45CB-B4AD-28E3A041B3CA}.Release|Any CPU.Build.0 = Release|Any CPU
		{A9DD2E27-0A87-45CB-B4AD-28E3A041B3CA}.Release|x64.ActiveCfg = Release|Any CPU
		{A9DD2E27-0A87-45CB-B4AD-28E3A041B3CA}.Release|x64.Build.0 = Release|Any CPU
		{A9DD2E27-0A87-45CB-B4AD-28E3A041B3CA}.Release|x86.ActiveCfg = Release|Any CPU
		{A9DD2E27-0A87-45CB-B4AD-28E3A041B3CA}.Release|x86.Build.0 = Release|Any CPU
		{0EE07152-0BC2-4A4D-B1E7-A6B8E5C16123}.Debug|Any CPU.ActiveCfg = Debug|Any CPU
		{0EE07152-0BC2-4A4D-B1E7-A6B8E5C16123}.Debug|Any CPU.Build.0 = Debug|Any CPU
		{0EE07152-0BC2-4A4D-B1E7-A6B8E5C16123}.Debug|x64.ActiveCfg = Debug|Any CPU
		{0EE07152-0BC2-4A4D-B1E7-A6B8E5C16123}.Debug|x64.Build.0 = Debug|Any CPU
		{0EE07152-0BC2-4A4D-B1E7-A6B8E5C16123}.Debug|x86.ActiveCfg = Debug|Any CPU
		{0EE07152-0BC2-4A4D-B1E7-A6B8E5C16123}.Debug|x86.Build.0 = Debug|Any CPU
		{0EE07152-0BC2-4A4D-B1E7-A6B8E5C16123}.Release|Any CPU.ActiveCfg = Release|Any CPU
		{0EE07152-0BC2-4A4D-B1E7-A6B8E5C16123}.Release|Any CPU.Build.0 = Release|Any CPU
		{0EE07152-0BC2-4A4D-B1E7-A6B8E5C16123}.Release|x64.ActiveCfg = Release|Any CPU
		{0EE07152-0BC2-4A4D-B1E7-A6B8E5C16123}.Release|x64.Build.0 = Release|Any CPU
		{0EE07152-0BC2-4A4D-B1E7-A6B8E5C16123}.Release|x86.ActiveCfg = Release|Any CPU
		{0EE07152-0BC2-4A4D-B1E7-A6B8E5C16123}.Release|x86.Build.0 = Release|Any CPU
		{91DCA8E6-B86D-6FDD-012D-D941C5892ED6}.Debug|Any CPU.ActiveCfg = Debug|Any CPU
		{91DCA8E6-B86D-6FDD-012D-D941C5892ED6}.Debug|Any CPU.Build.0 = Debug|Any CPU
		{91DCA8E6-B86D-6FDD-012D-D941C5892ED6}.Debug|x64.ActiveCfg = Debug|Any CPU
		{91DCA8E6-B86D-6FDD-012D-D941C5892ED6}.Debug|x64.Build.0 = Debug|Any CPU
		{91DCA8E6-B86D-6FDD-012D-D941C5892ED6}.Debug|x86.ActiveCfg = Debug|Any CPU
		{91DCA8E6-B86D-6FDD-012D-D941C5892ED6}.Debug|x86.Build.0 = Debug|Any CPU
		{91DCA8E6-B86D-6FDD-012D-D941C5892ED6}.Release|Any CPU.ActiveCfg = Release|Any CPU
		{91DCA8E6-B86D-6FDD-012D-D941C5892ED6}.Release|Any CPU.Build.0 = Release|Any CPU
		{91DCA8E6-B86D-6FDD-012D-D941C5892ED6}.Release|x64.ActiveCfg = Release|Any CPU
		{91DCA8E6-B86D-6FDD-012D-D941C5892ED6}.Release|x64.Build.0 = Release|Any CPU
		{91DCA8E6-B86D-6FDD-012D-D941C5892ED6}.Release|x86.ActiveCfg = Release|Any CPU
		{91DCA8E6-B86D-6FDD-012D-D941C5892ED6}.Release|x86.Build.0 = Release|Any CPU
	EndGlobalSection
	GlobalSection(SolutionProperties) = preSolution
		HideSolutionNode = FALSE
	EndGlobalSection
	GlobalSection(ExtensibilityGlobals) = postSolution
		SolutionGuid = {DD947B5C-37DF-4BC3-98CC-899A4A682714}
	EndGlobalSection
EndGlobal
